
Microsoft Visual Studio Solution File, Format Version 12.00
# Visual Studio Version 17
VisualStudioVersion = 17.11.35312.102
MinimumVisualStudioVersion = 10.0.40219.1
Project("{FAE04EC0-301F-11D3-BF4B-00C04F79EFBC}") = "Delegate, Function, Action, Predicate, Lamda expression", "Delegate, Function, Action, Predicate, Lamda expression\Delegate, Function, Action, Predicate, Lamda expression.csproj", "{D95F671A-2F26-414C-BFB6-0DBE2D5168EF}"
EndProject
Global
	GlobalSection(SolutionConfigurationPlatforms) = preSolution
		Debug|Any CPU = Debug|Any CPU
		Release|Any CPU = Release|Any CPU
	EndGlobalSection
	GlobalSection(ProjectConfigurationPlatforms) = postSolution
		{D95F671A-2F26-414C-BFB6-0DBE2D5168EF}.Debug|Any CPU.ActiveCfg = Debug|Any CPU
		{D95F671A-2F26-414C-BFB6-0DBE2D5168EF}.Debug|Any CPU.Build.0 = Debug|Any CPU
		{D95F671A-2F26-414C-BFB6-0DBE2D5168EF}.Release|Any CPU.ActiveCfg = Release|Any CPU
		{D95F671A-2F26-414C-BFB6-0DBE2D5168EF}.Release|Any CPU.Build.0 = Release|Any CPU
	EndGlobalSection
	GlobalSection(SolutionProperties) = preSolution
		HideSolutionNode = FALSE
	EndGlobalSection
	GlobalSection(ExtensibilityGlobals) = postSolution
		SolutionGuid = {20A17292-60CF-499C-A6FC-03AF53819B79}
	EndGlobalSection
EndGlobal
